// !$*UTF8*$!
{
	archiveVersion = 1;
	classes = {
	};
	objectVersion = 46;
	objects = {

/* Begin PBXBuildFile section */
		8813B14F1EC92E2D00A34D9B /* CoreDataStack.swift in Sources */ = {isa = PBXBuildFile; fileRef = 8813B14E1EC92E2D00A34D9B /* CoreDataStack.swift */; };
		8813B1521EC9381C00A34D9B /* Shop+CoreDataClass.swift in Sources */ = {isa = PBXBuildFile; fileRef = 8813B1501EC9381C00A34D9B /* Shop+CoreDataClass.swift */; };
		8813B1531EC9381C00A34D9B /* Shop+CoreDataProperties.swift in Sources */ = {isa = PBXBuildFile; fileRef = 8813B1511EC9381C00A34D9B /* Shop+CoreDataProperties.swift */; };
		8854C25A1EC86688008006E1 /* JSONProcessing.swift in Sources */ = {isa = PBXBuildFile; fileRef = 8854C2591EC86688008006E1 /* JSONProcessing.swift */; };
		88FF412C1EC6789100F66DF9 /* AppDelegate.swift in Sources */ = {isa = PBXBuildFile; fileRef = 88FF412B1EC6789100F66DF9 /* AppDelegate.swift */; };
		88FF412E1EC6789100F66DF9 /* MainViewController.swift in Sources */ = {isa = PBXBuildFile; fileRef = 88FF412D1EC6789100F66DF9 /* MainViewController.swift */; };
		88FF41311EC6789100F66DF9 /* Main.storyboard in Resources */ = {isa = PBXBuildFile; fileRef = 88FF412F1EC6789100F66DF9 /* Main.storyboard */; };
		88FF41341EC6789100F66DF9 /* MadridShopping.xcdatamodeld in Sources */ = {isa = PBXBuildFile; fileRef = 88FF41321EC6789100F66DF9 /* MadridShopping.xcdatamodeld */; };
		88FF41361EC6789100F66DF9 /* Assets.xcassets in Resources */ = {isa = PBXBuildFile; fileRef = 88FF41351EC6789100F66DF9 /* Assets.xcassets */; };
		88FF41391EC6789100F66DF9 /* LaunchScreen.storyboard in Resources */ = {isa = PBXBuildFile; fileRef = 88FF41371EC6789100F66DF9 /* LaunchScreen.storyboard */; };
		88FF41461EC67BC000F66DF9 /* Reachability.swift in Sources */ = {isa = PBXBuildFile; fileRef = 88FF41451EC67BC000F66DF9 /* Reachability.swift */; };
		88FF41491EC6864700F66DF9 /* Downloader.swift in Sources */ = {isa = PBXBuildFile; fileRef = 88FF41481EC6864700F66DF9 /* Downloader.swift */; };
		88FF414B1EC68BF300F66DF9 /* Global.swift in Sources */ = {isa = PBXBuildFile; fileRef = 88FF414A1EC68BF300F66DF9 /* Global.swift */; };
/* End PBXBuildFile section */

/* Begin PBXFileReference section */
		8813B14E1EC92E2D00A34D9B /* CoreDataStack.swift */ = {isa = PBXFileReference; fileEncoding = 4; lastKnownFileType = sourcecode.swift; path = CoreDataStack.swift; sourceTree = "<group>"; };
		8813B1501EC9381C00A34D9B /* Shop+CoreDataClass.swift */ = {isa = PBXFileReference; fileEncoding = 4; lastKnownFileType = sourcecode.swift; path = "Shop+CoreDataClass.swift"; sourceTree = "<group>"; };
		8813B1511EC9381C00A34D9B /* Shop+CoreDataProperties.swift */ = {isa = PBXFileReference; fileEncoding = 4; lastKnownFileType = sourcecode.swift; path = "Shop+CoreDataProperties.swift"; sourceTree = "<group>"; };
		8854C2591EC86688008006E1 /* JSONProcessing.swift */ = {isa = PBXFileReference; fileEncoding = 4; lastKnownFileType = sourcecode.swift; path = JSONProcessing.swift; sourceTree = "<group>"; };
		88FF41281EC6789100F66DF9 /* MadridShopping.app */ = {isa = PBXFileReference; explicitFileType = wrapper.application; includeInIndex = 0; path = MadridShopping.app; sourceTree = BUILT_PRODUCTS_DIR; };
		88FF412B1EC6789100F66DF9 /* AppDelegate.swift */ = {isa = PBXFileReference; lastKnownFileType = sourcecode.swift; path = AppDelegate.swift; sourceTree = "<group>"; };
		88FF412D1EC6789100F66DF9 /* MainViewController.swift */ = {isa = PBXFileReference; lastKnownFileType = sourcecode.swift; path = MainViewController.swift; sourceTree = "<group>"; };
		88FF41301EC6789100F66DF9 /* Base */ = {isa = PBXFileReference; lastKnownFileType = file.storyboard; name = Base; path = Base.lproj/Main.storyboard; sourceTree = "<group>"; };
		88FF41331EC6789100F66DF9 /* MadridShopping.xcdatamodel */ = {isa = PBXFileReference; lastKnownFileType = wrapper.xcdatamodel; path = MadridShopping.xcdatamodel; sourceTree = "<group>"; };
		88FF41351EC6789100F66DF9 /* Assets.xcassets */ = {isa = PBXFileReference; lastKnownFileType = folder.assetcatalog; path = Assets.xcassets; sourceTree = "<group>"; };
		88FF41381EC6789100F66DF9 /* Base */ = {isa = PBXFileReference; lastKnownFileType = file.storyboard; name = Base; path = Base.lproj/LaunchScreen.storyboard; sourceTree = "<group>"; };
		88FF413A1EC6789100F66DF9 /* Info.plist */ = {isa = PBXFileReference; lastKnownFileType = text.plist.xml; path = Info.plist; sourceTree = "<group>"; };
		88FF41451EC67BC000F66DF9 /* Reachability.swift */ = {isa = PBXFileReference; fileEncoding = 4; lastKnownFileType = sourcecode.swift; path = Reachability.swift; sourceTree = "<group>"; };
		88FF41481EC6864700F66DF9 /* Downloader.swift */ = {isa = PBXFileReference; fileEncoding = 4; lastKnownFileType = sourcecode.swift; path = Downloader.swift; sourceTree = "<group>"; };
		88FF414A1EC68BF300F66DF9 /* Global.swift */ = {isa = PBXFileReference; fileEncoding = 4; lastKnownFileType = sourcecode.swift; path = Global.swift; sourceTree = "<group>"; };
/* End PBXFileReference section */

/* Begin PBXFrameworksBuildPhase section */
		88FF41251EC6789100F66DF9 /* Frameworks */ = {
			isa = PBXFrameworksBuildPhase;
			buildActionMask = 2147483647;
			files = (
			);
			runOnlyForDeploymentPostprocessing = 0;
		};
/* End PBXFrameworksBuildPhase section */

/* Begin PBXGroup section */
		88FF411F1EC6789100F66DF9 = {
			isa = PBXGroup;
			children = (
				88FF412A1EC6789100F66DF9 /* MadridShopping */,
				88FF41291EC6789100F66DF9 /* Products */,
			);
			sourceTree = "<group>";
		};
		88FF41291EC6789100F66DF9 /* Products */ = {
			isa = PBXGroup;
			children = (
				88FF41281EC6789100F66DF9 /* MadridShopping.app */,
			);
			name = Products;
			sourceTree = "<group>";
		};
		88FF412A1EC6789100F66DF9 /* MadridShopping */ = {
			isa = PBXGroup;
			children = (
				88FF41401EC67A9100F66DF9 /* Delegate */,
				88FF41421EC67AB100F66DF9 /* View */,
				88FF41441EC67AD200F66DF9 /* Model */,
				88FF41411EC67A9C00F66DF9 /* Controller */,
				88FF41471EC67BC500F66DF9 /* Utils */,
				88FF41431EC67AC800F66DF9 /* Resources */,
			);
			path = MadridShopping;
			sourceTree = "<group>";
		};
		88FF41401EC67A9100F66DF9 /* Delegate */ = {
			isa = PBXGroup;
			children = (
				88FF412B1EC6789100F66DF9 /* AppDelegate.swift */,
				88FF414A1EC68BF300F66DF9 /* Global.swift */,
			);
			name = Delegate;
			sourceTree = "<group>";
		};
		88FF41411EC67A9C00F66DF9 /* Controller */ = {
			isa = PBXGroup;
			children = (
				88FF412D1EC6789100F66DF9 /* MainViewController.swift */,
			);
			name = Controller;
			sourceTree = "<group>";
		};
		88FF41421EC67AB100F66DF9 /* View */ = {
			isa = PBXGroup;
			children = (
				88FF412F1EC6789100F66DF9 /* Main.storyboard */,
				88FF41371EC6789100F66DF9 /* LaunchScreen.storyboard */,
			);
			name = View;
			sourceTree = "<group>";
		};
		88FF41431EC67AC800F66DF9 /* Resources */ = {
			isa = PBXGroup;
			children = (
				88FF41351EC6789100F66DF9 /* Assets.xcassets */,
				88FF413A1EC6789100F66DF9 /* Info.plist */,
			);
			name = Resources;
			sourceTree = "<group>";
		};
		88FF41441EC67AD200F66DF9 /* Model */ = {
			isa = PBXGroup;
			children = (
				8813B14E1EC92E2D00A34D9B /* CoreDataStack.swift */,
				8813B1501EC9381C00A34D9B /* Shop+CoreDataClass.swift */,
				8813B1511EC9381C00A34D9B /* Shop+CoreDataProperties.swift */,
				88FF41321EC6789100F66DF9 /* MadridShopping.xcdatamodeld */,
			);
			name = Model;
			sourceTree = "<group>";
		};
		88FF41471EC67BC500F66DF9 /* Utils */ = {
			isa = PBXGroup;
			children = (
				8854C2591EC86688008006E1 /* JSONProcessing.swift */,
				88FF41481EC6864700F66DF9 /* Downloader.swift */,
				88FF41451EC67BC000F66DF9 /* Reachability.swift */,
			);
			name = Utils;
			sourceTree = "<group>";
		};
/* End PBXGroup section */

/* Begin PBXNativeTarget section */
		88FF41271EC6789100F66DF9 /* MadridShopping */ = {
			isa = PBXNativeTarget;
			buildConfigurationList = 88FF413D1EC6789100F66DF9 /* Build configuration list for PBXNativeTarget "MadridShopping" */;
			buildPhases = (
				88FF41241EC6789100F66DF9 /* Sources */,
				88FF41251EC6789100F66DF9 /* Frameworks */,
				88FF41261EC6789100F66DF9 /* Resources */,
			);
			buildRules = (
			);
			dependencies = (
			);
			name = MadridShopping;
			productName = MadridShopping;
			productReference = 88FF41281EC6789100F66DF9 /* MadridShopping.app */;
			productType = "com.apple.product-type.application";
		};
/* End PBXNativeTarget section */

/* Begin PBXProject section */
		88FF41201EC6789100F66DF9 /* Project object */ = {
			isa = PBXProject;
			attributes = {
				LastSwiftUpdateCheck = 0830;
				LastUpgradeCheck = 0830;
				ORGANIZATIONNAME = ESoft;
				TargetAttributes = {
					88FF41271EC6789100F66DF9 = {
						CreatedOnToolsVersion = 8.3.2;
						DevelopmentTeam = 69A85A3TC3;
						ProvisioningStyle = Automatic;
					};
				};
			};
			buildConfigurationList = 88FF41231EC6789100F66DF9 /* Build configuration list for PBXProject "MadridShopping" */;
			compatibilityVersion = "Xcode 3.2";
			developmentRegion = English;
			hasScannedForEncodings = 0;
			knownRegions = (
				en,
				Base,
			);
			mainGroup = 88FF411F1EC6789100F66DF9;
			productRefGroup = 88FF41291EC6789100F66DF9 /* Products */;
			projectDirPath = "";
			projectRoot = "";
			targets = (
				88FF41271EC6789100F66DF9 /* MadridShopping */,
			);
		};
/* End PBXProject section */

/* Begin PBXResourcesBuildPhase section */
		88FF41261EC6789100F66DF9 /* Resources */ = {
			isa = PBXResourcesBuildPhase;
			buildActionMask = 2147483647;
			files = (
				88FF41391EC6789100F66DF9 /* LaunchScreen.storyboard in Resources */,
				88FF41361EC6789100F66DF9 /* Assets.xcassets in Resources */,
				88FF41311EC6789100F66DF9 /* Main.storyboard in Resources */,
			);
			runOnlyForDeploymentPostprocessing = 0;
		};
/* End PBXResourcesBuildPhase section */

/* Begin PBXSourcesBuildPhase section */
		88FF41241EC6789100F66DF9 /* Sources */ = {
			isa = PBXSourcesBuildPhase;
			buildActionMask = 2147483647;
			files = (
				88FF41491EC6864700F66DF9 /* Downloader.swift in Sources */,
				8813B1531EC9381C00A34D9B /* Shop+CoreDataProperties.swift in Sources */,
				88FF41341EC6789100F66DF9 /* MadridShopping.xcdatamodeld in Sources */,
				88FF412E1EC6789100F66DF9 /* MainViewController.swift in Sources */,
				88FF41461EC67BC000F66DF9 /* Reachability.swift in Sources */,
				8813B1521EC9381C00A34D9B /* Shop+CoreDataClass.swift in Sources */,
				88FF414B1EC68BF300F66DF9 /* Global.swift in Sources */,
				8854C25A1EC86688008006E1 /* JSONProcessing.swift in Sources */,
				88FF412C1EC6789100F66DF9 /* AppDelegate.swift in Sources */,
				8813B14F1EC92E2D00A34D9B /* CoreDataStack.swift in Sources */,
			);
			runOnlyForDeploymentPostprocessing = 0;
		};
/* End PBXSourcesBuildPhase section */

/* Begin PBXVariantGroup section */
		88FF412F1EC6789100F66DF9 /* Main.storyboard */ = {
			isa = PBXVariantGroup;
			children = (
				88FF41301EC6789100F66DF9 /* Base */,
			);
			name = Main.storyboard;
			sourceTree = "<group>";
		};
		88FF41371EC6789100F66DF9 /* LaunchScreen.storyboard */ = {
			isa = PBXVariantGroup;
			children = (
				88FF41381EC6789100F66DF9 /* Base */,
			);
			name = LaunchScreen.storyboard;
			sourceTree = "<group>";
		};
/* End PBXVariantGroup section */

/* Begin XCBuildConfiguration section */
		88FF413B1EC6789100F66DF9 /* Debug */ = {
			isa = XCBuildConfiguration;
			buildSettings = {
				ALWAYS_SEARCH_USER_PATHS = NO;
				CLANG_ANALYZER_NONNULL = YES;
				CLANG_ANALYZER_NUMBER_OBJECT_CONVERSION = YES_AGGRESSIVE;
				CLANG_CXX_LANGUAGE_STANDARD = "gnu++0x";
				CLANG_CXX_LIBRARY = "libc++";
				CLANG_ENABLE_MODULES = YES;
				CLANG_ENABLE_OBJC_ARC = YES;
				CLANG_WARN_BOOL_CONVERSION = YES;
				CLANG_WARN_CONSTANT_CONVERSION = YES;
				CLANG_WARN_DIRECT_OBJC_ISA_USAGE = YES_ERROR;
				CLANG_WARN_DOCUMENTATION_COMMENTS = YES;
				CLANG_WARN_EMPTY_BODY = YES;
				CLANG_WARN_ENUM_CONVERSION = YES;
				CLANG_WARN_INFINITE_RECURSION = YES;
				CLANG_WARN_INT_CONVERSION = YES;
				CLANG_WARN_OBJC_ROOT_CLASS = YES_ERROR;
				CLANG_WARN_SUSPICIOUS_MOVE = YES;
				CLANG_WARN_UNREACHABLE_CODE = YES;
				CLANG_WARN__DUPLICATE_METHOD_MATCH = YES;
				"CODE_SIGN_IDENTITY[sdk=iphoneos*]" = "iPhone Developer";
				COPY_PHASE_STRIP = NO;
				DEBUG_INFORMATION_FORMAT = dwarf;
				ENABLE_STRICT_OBJC_MSGSEND = YES;
				ENABLE_TESTABILITY = YES;
				GCC_C_LANGUAGE_STANDARD = gnu99;
				GCC_DYNAMIC_NO_PIC = NO;
				GCC_NO_COMMON_BLOCKS = YES;
				GCC_OPTIMIZATION_LEVEL = 0;
				GCC_PREPROCESSOR_DEFINITIONS = (
					"DEBUG=1",
					"$(inherited)",
				);
				GCC_WARN_64_TO_32_BIT_CONVERSION = YES;
				GCC_WARN_ABOUT_RETURN_TYPE = YES_ERROR;
				GCC_WARN_UNDECLARED_SELECTOR = YES;
				GCC_WARN_UNINITIALIZED_AUTOS = YES_AGGRESSIVE;
				GCC_WARN_UNUSED_FUNCTION = YES;
				GCC_WARN_UNUSED_VARIABLE = YES;
				IPHONEOS_DEPLOYMENT_TARGET = 10.3;
				MTL_ENABLE_DEBUG_INFO = YES;
				ONLY_ACTIVE_ARCH = YES;
				SDKROOT = iphoneos;
				SWIFT_ACTIVE_COMPILATION_CONDITIONS = DEBUG;
				SWIFT_OPTIMIZATION_LEVEL = "-Onone";
			};
			name = Debug;
		};
		88FF413C1EC6789100F66DF9 /* Release */ = {
			isa = XCBuildConfiguration;
			buildSettings = {
				ALWAYS_SEARCH_USER_PATHS = NO;
				CLANG_ANALYZER_NONNULL = YES;
				CLANG_ANALYZER_NUMBER_OBJECT_CONVERSION = YES_AGGRESSIVE;
				CLANG_CXX_LANGUAGE_STANDARD = "gnu++0x";
				CLANG_CXX_LIBRARY = "libc++";
				CLANG_ENABLE_MODULES = YES;
				CLANG_ENABLE_OBJC_ARC = YES;
				CLANG_WARN_BOOL_CONVERSION = YES;
				CLANG_WARN_CONSTANT_CONVERSION = YES;
				CLANG_WARN_DIRECT_OBJC_ISA_USAGE = YES_ERROR;
				CLANG_WARN_DOCUMENTATION_COMMENTS = YES;
				CLANG_WARN_EMPTY_BODY = YES;
				CLANG_WARN_ENUM_CONVERSION = YES;
				CLANG_WARN_INFINITE_RECURSION = YES;
				CLANG_WARN_INT_CONVERSION = YES;
				CLANG_WARN_OBJC_ROOT_CLASS = YES_ERROR;
				CLANG_WARN_SUSPICIOUS_MOVE = YES;
				CLANG_WARN_UNREACHABLE_CODE = YES;
				CLANG_WARN__DUPLICATE_METHOD_MATCH = YES;
				"CODE_SIGN_IDENTITY[sdk=iphoneos*]" = "iPhone Developer";
				COPY_PHASE_STRIP = NO;
				DEBUG_INFORMATION_FORMAT = "dwarf-with-dsym";
				ENABLE_NS_ASSERTIONS = NO;
				ENABLE_STRICT_OBJC_MSGSEND = YES;
				GCC_C_LANGUAGE_STANDARD = gnu99;
				GCC_NO_COMMON_BLOCKS = YES;
				GCC_WARN_64_TO_32_BIT_CONVERSION = YES;
				GCC_WARN_ABOUT_RETURN_TYPE = YES_ERROR;
				GCC_WARN_UNDECLARED_SELECTOR = YES;
				GCC_WARN_UNINITIALIZED_AUTOS = YES_AGGRESSIVE;
				GCC_WARN_UNUSED_FUNCTION = YES;
				GCC_WARN_UNUSED_VARIABLE = YES;
				IPHONEOS_DEPLOYMENT_TARGET = 10.3;
				MTL_ENABLE_DEBUG_INFO = NO;
				SDKROOT = iphoneos;
				SWIFT_OPTIMIZATION_LEVEL = "-Owholemodule";
				VALIDATE_PRODUCT = YES;
			};
			name = Release;
		};
		88FF413E1EC6789100F66DF9 /* Debug */ = {
			isa = XCBuildConfiguration;
			buildSettings = {
				ASSETCATALOG_COMPILER_APPICON_NAME = AppIcon;
				DEVELOPMENT_TEAM = 69A85A3TC3;
				INFOPLIST_FILE = MadridShopping/Info.plist;
				LD_RUNPATH_SEARCH_PATHS = "$(inherited) @executable_path/Frameworks";
				PRODUCT_BUNDLE_IDENTIFIER = com.emprendesoft.MadridShopping;
				PRODUCT_NAME = "$(TARGET_NAME)";
				SWIFT_VERSION = 3.0;
			};
			name = Debug;
		};
		88FF413F1EC6789100F66DF9 /* Release */ = {
			isa = XCBuildConfiguration;
			buildSettings = {
				ASSETCATALOG_COMPILER_APPICON_NAME = AppIcon;
				DEVELOPMENT_TEAM = 69A85A3TC3;
				INFOPLIST_FILE = MadridShopping/Info.plist;
				LD_RUNPATH_SEARCH_PATHS = "$(inherited) @executable_path/Frameworks";
				PRODUCT_BUNDLE_IDENTIFIER = com.emprendesoft.MadridShopping;
				PRODUCT_NAME = "$(TARGET_NAME)";
				SWIFT_VERSION = 3.0;
			};
			name = Release;
		};
/* End XCBuildConfiguration section */

/* Begin XCConfigurationList section */
		88FF41231EC6789100F66DF9 /* Build configuration list for PBXProject "MadridShopping" */ = {
			isa = XCConfigurationList;
			buildConfigurations = (
				88FF413B1EC6789100F66DF9 /* Debug */,
				88FF413C1EC6789100F66DF9 /* Release */,
			);
			defaultConfigurationIsVisible = 0;
			defaultConfigurationName = Release;
		};
		88FF413D1EC6789100F66DF9 /* Build configuration list for PBXNativeTarget "MadridShopping" */ = {
			isa = XCConfigurationList;
			buildConfigurations = (
				88FF413E1EC6789100F66DF9 /* Debug */,
				88FF413F1EC6789100F66DF9 /* Release */,
			);
			defaultConfigurationIsVisible = 0;
			defaultConfigurationName = Release;
		};
/* End XCConfigurationList section */

/* Begin XCVersionGroup section */
		88FF41321EC6789100F66DF9 /* MadridShopping.xcdatamodeld */ = {
			isa = XCVersionGroup;
			children = (
				88FF41331EC6789100F66DF9 /* MadridShopping.xcdatamodel */,
			);
			currentVersion = 88FF41331EC6789100F66DF9 /* MadridShopping.xcdatamodel */;
			path = MadridShopping.xcdatamodeld;
			sourceTree = "<group>";
			versionGroupType = wrapper.xcdatamodel;
		};
/* End XCVersionGroup section */
	};
	rootObject = 88FF41201EC6789100F66DF9 /* Project object */;
}
